github.com/keepdevops/cofiswarm-backend-mlx v1.1.1-0.20260625032556-a5b9016065f0 h1:Vgn0J9cQddIXFPr5EOdNfsRbcyDRyab77/JtY/sokCU=
github.com/keepdevops/cofiswarm-backend-mlx v1.1.1-0.20260625032556-a5b9016065f0/go.mod h1:HH61bRe38VZVtxFsqbUcEADOhZz51WEY1FsidzcPE2k=
github.com/keepdevops/cofiswarm-backend-sdk v1.1.1-0.20260625031228-aab588ad0e39 h1:HmCVT6ppzmebVr7kWK5wkvVBeHMTRmgtNfjAriR2YR0=
github.com/keepdevops/cofiswarm-backend-sdk v1.1.1-0.20260625031228-aab588ad0e39/go.mod h1:IbkmDKi8TmoTVCtAutKrqmgPFq6e+9JBgFRYnSCAKAE=
github.com/keepdevops/cofiswarm-backend-vllm v1.1.1-0.20260626073228-533e04096a0b h1:k3UgZKxVUEhqoWsLCTAdaPVNC6cBgSkMTOBkafEgqwc=
github.com/keepdevops/cofiswarm-backend-vllm v1.1.1-0.20260626073228-533e04096a0b/go.mod h1:m0iUUx3+/AxAIIJgykRdIZpjUKRb7ik7MkagiTEKCUI=
gopkg.in/check.v1 v0.0.0-20161208181325-20d25e280405 h1:yhCVgyC4o1eVCa2tZl7eS0r+SDo693bJlVdllGtEeKM=
gopkg.in/check.v1 v0.0.0-20161208181325-20d25e280405/go.mod h1:Co6ibVJAznAaIkqp8huTwlJQCZ016jof/cbN4VW5Yz0=
gopkg.in/yaml.v3 v3.0.1 h1:fxVm/GzAzEWqLHuvctI91KS9hhNmmWOoWu0XTYJS7CA=
gopkg.in/yaml.v3 v3.0.1/go.mod h1:K4uyk7z7BCEPqu6E+C64Yfv1cQ7kz7rIZviUmN+EgEM=
